
Microsoft Visual Studio Solution File, Format Version 12.00
# Visual Studio Version 17
VisualStudioVersion = 17.14.36203.30 d17.14
MinimumVisualStudioVersion = 10.0.40219.1
Project("{FAE04EC0-301F-11D3-BF4B-00C04F79EFBC}") = "practic_3", "practic_3\practic_3.csproj", "{9E4E93DD-DCEF-4441-AB18-44953ED7A2F1}"
EndProject
Global
	GlobalSection(SolutionConfigurationPlatforms) = preSolution
		Debug|Any CPU = Debug|Any CPU
		Release|Any CPU = Release|Any CPU
	EndGlobalSection
	GlobalSection(ProjectConfigurationPlatforms) = postSolution
		{9E4E93DD-DCEF-4441-AB18-44953ED7A2F1}.Debug|Any CPU.ActiveCfg = Debug|Any CPU
		{9E4E93DD-DCEF-4441-AB18-44953ED7A2F1}.Debug|Any CPU.Build.0 = Debug|Any CPU
		{9E4E93DD-DCEF-4441-AB18-44953ED7A2F1}.Release|Any CPU.ActiveCfg = Release|Any CPU
		{9E4E93DD-DCEF-4441-AB18-44953ED7A2F1}.Release|Any CPU.Build.0 = Release|Any CPU
	EndGlobalSection
	GlobalSection(SolutionProperties) = preSolution
		HideSolutionNode = FALSE
	EndGlobalSection
	GlobalSection(ExtensibilityGlobals) = postSolution
		SolutionGuid = {37503060-5FE3-4C54-9148-1AF26D82E777}
	EndGlobalSection
EndGlobal
